
Microsoft Visual Studio Solution File, Format Version 12.00
# Visual Studio 15
VisualStudioVersion = 15.0.26124.0
MinimumVisualStudioVersion = 15.0.26124.0
Project("{2150E333-8FDC-42A3-9474-1A3956D46DE8}") = "src", "src", "{904215FC-8036-46CC-A3B5-1D462BCD6810}"
EndProject
Project("{9A19103F-16F7-4668-BE54-9A1E7A4F7556}") = "LightWeightPerformanceTesting.Core", "src\LightWeightPerformanceTesting.Core\LightWeightPerformanceTesting.Core.csproj", "{41279DB3-6998-42D9-B61C-52BC6BB05E0F}"
EndProject
Project("{9A19103F-16F7-4668-BE54-9A1E7A4F7556}") = "LightWeightPerformanceTesting.Infrastructure", "src\LightWeightPerformanceTesting.Infrastructure\LightWeightPerformanceTesting.Infrastructure.csproj", "{808DD1CC-9E1C-48CF-AF7E-850871FCFA56}"
EndProject
Project("{9A19103F-16F7-4668-BE54-9A1E7A4F7556}") = "LightWeightPerformanceTesting.API", "src\LightWeightPerformanceTesting.API\LightWeightPerformanceTesting.API.csproj", "{054479B5-62FD-4709-BEFD-CD171AC14DD8}"
EndProject
Project("{2150E333-8FDC-42A3-9474-1A3956D46DE8}") = "test", "test", "{E677DA01-D2AB-4FF7-BF65-30485ADDD1B0}"
EndProject
Global
	GlobalSection(SolutionConfigurationPlatforms) = preSolution
		Debug|Any CPU = Debug|Any CPU
		Debug|x64 = Debug|x64
		Debug|x86 = Debug|x86
		Release|Any CPU = Release|Any CPU
		Release|x64 = Release|x64
		Release|x86 = Release|x86
	EndGlobalSection
	GlobalSection(ProjectConfigurationPlatforms) = postSolution
		{41279DB3-6998-42D9-B61C-52BC6BB05E0F}.Debug|Any CPU.ActiveCfg = Debug|Any CPU
		{41279DB3-6998-42D9-B61C-52BC6BB05E0F}.Debug|Any CPU.Build.0 = Debug|Any CPU
		{41279DB3-6998-42D9-B61C-52BC6BB05E0F}.Debug|x64.ActiveCfg = Debug|Any CPU
		{41279DB3-6998-42D9-B61C-52BC6BB05E0F}.Debug|x64.Build.0 = Debug|Any CPU
		{41279DB3-6998-42D9-B61C-52BC6BB05E0F}.Debug|x86.ActiveCfg = Debug|Any CPU
		{41279DB3-6998-42D9-B61C-52BC6BB05E0F}.Debug|x86.Build.0 = Debug|Any CPU
		{41279DB3-6998-42D9-B61C-52BC6BB05E0F}.Release|Any CPU.ActiveCfg = Release|Any CPU
		{41279DB3-6998-42D9-B61C-52BC6BB05E0F}.Release|Any CPU.Build.0 = Release|Any CPU
		{41279DB3-6998-42D9-B61C-52BC6BB05E0F}.Release|x64.ActiveCfg = Release|Any CPU
		{41279DB3-6998-42D9-B61C-52BC6BB05E0F}.Release|x64.Build.0 = Release|Any CPU
		{41279DB3-6998-42D9-B61C-52BC6BB05E0F}.Release|x86.ActiveCfg = Release|Any CPU
		{41279DB3-6998-42D9-B61C-52BC6BB05E0F}.Release|x86.Build.0 = Release|Any CPU
		{808DD1CC-9E1C-48CF-AF7E-850871FCFA56}.Debug|Any CPU.ActiveCfg = Debug|Any CPU
		{808DD1CC-9E1C-48CF-AF7E-850871FCFA56}.Debug|Any CPU.Build.0 = Debug|Any CPU
		{808DD1CC-9E1C-48CF-AF7E-850871FCFA56}.Debug|x64.ActiveCfg = Debug|Any CPU
		{808DD1CC-9E1C-48CF-AF7E-850871FCFA56}.Debug|x64.Build.0 = Debug|Any CPU
		{808DD1CC-9E1C-48CF-AF7E-850871FCFA56}.Debug|x86.ActiveCfg = Debug|Any CPU
		{808DD1CC-9E1C-48CF-AF7E-850871FCFA56}.Debug|x86.Build.0 = Debug|Any CPU
		{808DD1CC-9E1C-48CF-AF7E-850871FCFA56}.Release|Any CPU.ActiveCfg = Release|Any CPU
		{808DD1CC-9E1C-48CF-AF7E-850871FCFA56}.Release|Any CPU.Build.0 = Release|Any CPU
		{808DD1CC-9E1C-48CF-AF7E-850871FCFA56}.Release|x64.ActiveCfg = Release|Any CPU
		{808DD1CC-9E1C-48CF-AF7E-850871FCFA56}.Release|x64.Build.0 = Release|Any CPU
		{808DD1CC-9E1C-48CF-AF7E-850871FCFA56}.Release|x86.ActiveCfg = Release|Any CPU
		{808DD1CC-9E1C-48CF-AF7E-850871FCFA56}.Release|x86.Build.0 = Release|Any CPU
		{054479B5-62FD-4709-BEFD-CD171AC14DD8}.Debug|Any CPU.ActiveCfg = Debug|Any CPU
		{054479B5-62FD-4709-BEFD-CD171AC14DD8}.Debug|Any CPU.Build.0 = Debug|Any CPU
		{054479B5-62FD-4709-BEFD-CD171AC14DD8}.Debug|x64.ActiveCfg = Debug|Any CPU
		{054479B5-62FD-4709-BEFD-CD171AC14DD8}.Debug|x64.Build.0 = Debug|Any CPU
		{054479B5-62FD-4709-BEFD-CD171AC14DD8}.Debug|x86.ActiveCfg = Debug|Any CPU
		{054479B5-62FD-4709-BEFD-CD171AC14DD8}.Debug|x86.Build.0 = Debug|Any CPU
		{054479B5-62FD-4709-BEFD-CD171AC14DD8}.Release|Any CPU.ActiveCfg = Release|Any CPU
		{054479B5-62FD-4709-BEFD-CD171AC14DD8}.Release|Any CPU.Build.0 = Release|Any CPU
		{054479B5-62FD-4709-BEFD-CD171AC14DD8}.Release|x64.ActiveCfg = Release|Any CPU
		{054479B5-62FD-4709-BEFD-CD171AC14DD8}.Release|x64.Build.0 = Release|Any CPU
		{054479B5-62FD-4709-BEFD-CD171AC14DD8}.Release|x86.ActiveCfg = Release|Any CPU
		{054479B5-62FD-4709-BEFD-CD171AC14DD8}.Release|x86.Build.0 = Release|Any CPU
	EndGlobalSection
	GlobalSection(SolutionProperties) = preSolution
		HideSolutionNode = FALSE
	EndGlobalSection
	GlobalSection(NestedProjects) = preSolution
		{41279DB3-6998-42D9-B61C-52BC6BB05E0F} = {904215FC-8036-46CC-A3B5-1D462BCD6810}
		{808DD1CC-9E1C-48CF-AF7E-850871FCFA56} = {904215FC-8036-46CC-A3B5-1D462BCD6810}
		{054479B5-62FD-4709-BEFD-CD171AC14DD8} = {904215FC-8036-46CC-A3B5-1D462BCD6810}
	EndGlobalSection
	GlobalSection(ExtensibilityGlobals) = postSolution
		SolutionGuid = {B8556709-49FE-450F-B525-5EB0B30D242A}
	EndGlobalSection
EndGlobal
